// !$*UTF8*$!
{
	archiveVersion = 1;
	classes = {
	};
	objectVersion = 77;
	objects = {

/* Begin PBXBuildFile section */
		073DB7EBA053EF512517686E /* AuthGateView.swift in Sources */ = {isa = PBXBuildFile; fileRef = CB35DDDB827EEA0DE57E6417 /* AuthGateView.swift */; };
		1EC7FA4444834CBEC39855F5 /* LeaderboardView.swift in Sources */ = {isa = PBXBuildFile; fileRef = 77B129C6F8DCE01DD9A90C3E /* LeaderboardView.swift */; };
		41E670B92B877361E8123A05 /* GamesListView.swift in Sources */ = {isa = PBXBuildFile; fileRef = A455994D6EB01959622ED798 /* GamesListView.swift */; };
		45EA4ABA09FE6E1E5421EF4D /* APIClient.swift in Sources */ = {isa = PBXBuildFile; fileRef = 1511036F64D4FEAE183B5431 /* APIClient.swift */; };
		4F57C51026A96EFFA9D5CFBB /* MainTabView.swift in Sources */ = {isa = PBXBuildFile; fileRef = 56308B54E47EFF3D7DF28A33 /* MainTabView.swift */; };
		4F768FA86F12C5A22524C47B /* JoinGameView.swift in Sources */ = {isa = PBXBuildFile; fileRef = 78B24026C08DD8050AA63155 /* JoinGameView.swift */; };
		5E20E5EA353D9F9E4CBB9685 /* MissionDetailView.swift in Sources */ = {isa = PBXBuildFile; fileRef = 58AAE788D509FE55A60F5A17 /* MissionDetailView.swift */; };
		6CB75008D9D3066245DA2C21 /* CameraCaptureView.swift in Sources */ = {isa = PBXBuildFile; fileRef = FF29EE86719027707E59CB30 /* CameraCaptureView.swift */; };
		73AF2CAB2F1A458F05F6E40B /* GameDetailView.swift in Sources */ = {isa = PBXBuildFile; fileRef = D7FF92B9FC212A90B21CAE0F /* GameDetailView.swift */; };
		A344FD751D29CC05B28629E2 /* TeamsView.swift in Sources */ = {isa = PBXBuildFile; fileRef = 6595CAD9532612D3172AE69E /* TeamsView.swift */; };
		A8D693D51BE1F6A314F349F3 /* AppState.swift in Sources */ = {isa = PBXBuildFile; fileRef = 2BBE12FEF6F5B9C94D13F8FC /* AppState.swift */; };
		B67B42615610BE830F8E46B1 /* SnapApp.swift in Sources */ = {isa = PBXBuildFile; fileRef = A658863EA1446B831A1BF9DF /* SnapApp.swift */; };
		B7ECCE12B9539D94A4DD5955 /* MissionsListView.swift in Sources */ = {isa = PBXBuildFile; fileRef = 95DE91902B2FF80E3349A130 /* MissionsListView.swift */; };
		C840A4009F19E0EC3590EEB6 /* Assets.xcassets in Resources */ = {isa = PBXBuildFile; fileRef = 4506329C6000E69CDAA97BEA /* Assets.xcassets */; };
		CAEB8236526A1B18C190E728 /* Models.swift in Sources */ = {isa = PBXBuildFile; fileRef = 2FD6FD726B1493B014F6ABB1 /* Models.swift */; };
		EC4662E72FC2FF3529446580 /* ActivityFeedView.swift in Sources */ = {isa = PBXBuildFile; fileRef = 7C16F1F31F1438159801DCE4 /* ActivityFeedView.swift */; };
/* End PBXBuildFile section */

/* Begin PBXFileReference section */
		1511036F64D4FEAE183B5431 /* APIClient.swift */ = {isa = PBXFileReference; lastKnownFileType = sourcecode.swift; path = APIClient.swift; sourceTree = "<group>"; };
		2806ED78A9268DEB55CEF709 /* Info.plist */ = {isa = PBXFileReference; lastKnownFileType = text.plist; path = Info.plist; sourceTree = "<group>"; };
		2BBE12FEF6F5B9C94D13F8FC /* AppState.swift */ = {isa = PBXFileReference; lastKnownFileType = sourcecode.swift; path = AppState.swift; sourceTree = "<group>"; };
		2FD6FD726B1493B014F6ABB1 /* Models.swift */ = {isa = PBXFileReference; lastKnownFileType = sourcecode.swift; path = Models.swift; sourceTree = "<group>"; };
		3BC5BC322A05E4F0343BA8C9 /* Snap.app */ = {isa = PBXFileReference; includeInIndex = 0; lastKnownFileType = wrapper.application; path = Snap.app; sourceTree = BUILT_PRODUCTS_DIR; };
		4506329C6000E69CDAA97BEA /* Assets.xcassets */ = {isa = PBXFileReference; lastKnownFileType = folder.assetcatalog; path = Assets.xcassets; sourceTree = "<group>"; };
		56308B54E47EFF3D7DF28A33 /* MainTabView.swift */ = {isa = PBXFileReference; lastKnownFileType = sourcecode.swift; path = MainTabView.swift; sourceTree = "<group>"; };
		58AAE788D509FE55A60F5A17 /* MissionDetailView.swift */ = {isa = PBXFileReference; lastKnownFileType = sourcecode.swift; path = MissionDetailView.swift; sourceTree = "<group>"; };
		6595CAD9532612D3172AE69E /* TeamsView.swift */ = {isa = PBXFileReference; lastKnownFileType = sourcecode.swift; path = TeamsView.swift; sourceTree = "<group>"; };
		77B129C6F8DCE01DD9A90C3E /* LeaderboardView.swift */ = {isa = PBXFileReference; lastKnownFileType = sourcecode.swift; path = LeaderboardView.swift; sourceTree = "<group>"; };
		78B24026C08DD8050AA63155 /* JoinGameView.swift */ = {isa = PBXFileReference; lastKnownFileType = sourcecode.swift; path = JoinGameView.swift; sourceTree = "<group>"; };
		7C16F1F31F1438159801DCE4 /* ActivityFeedView.swift */ = {isa = PBXFileReference; lastKnownFileType = sourcecode.swift; path = ActivityFeedView.swift; sourceTree = "<group>"; };
		95DE91902B2FF80E3349A130 /* MissionsListView.swift */ = {isa = PBXFileReference; lastKnownFileType = sourcecode.swift; path = MissionsListView.swift; sourceTree = "<group>"; };
		A455994D6EB01959622ED798 /* GamesListView.swift */ = {isa = PBXFileReference; lastKnownFileType = sourcecode.swift; path = GamesListView.swift; sourceTree = "<group>"; };
		A658863EA1446B831A1BF9DF /* SnapApp.swift */ = {isa = PBXFileReference; lastKnownFileType = sourcecode.swift; path = SnapApp.swift; sourceTree = "<group>"; };
		CB35DDDB827EEA0DE57E6417 /* AuthGateView.swift */ = {isa = PBXFileReference; lastKnownFileType = sourcecode.swift; path = AuthGateView.swift; sourceTree = "<group>"; };
		D7FF92B9FC212A90B21CAE0F /* GameDetailView.swift */ = {isa = PBXFileReference; lastKnownFileType = sourcecode.swift; path = GameDetailView.swift; sourceTree = "<group>"; };
		FF29EE86719027707E59CB30 /* CameraCaptureView.swift */ = {isa = PBXFileReference; lastKnownFileType = sourcecode.swift; path = CameraCaptureView.swift; sourceTree = "<group>"; };
/* End PBXFileReference section */

/* Begin PBXGroup section */
		1F03650575996D26064AA4FE /* Activity */ = {
			isa = PBXGroup;
			children = (
				7C16F1F31F1438159801DCE4 /* ActivityFeedView.swift */,
			);
			path = Activity;
			sourceTree = "<group>";
		};
		22F4CBFDE4552B74F35AC155 /* Products */ = {
			isa = PBXGroup;
			children = (
				3BC5BC322A05E4F0343BA8C9 /* Snap.app */,
			);
			name = Products;
			sourceTree = "<group>";
		};
		321E601EBDBDC27DE73F8A0A = {
			isa = PBXGroup;
			children = (
				E185436592635B1DD59E4225 /* Snap */,
				22F4CBFDE4552B74F35AC155 /* Products */,
			);
			sourceTree = "<group>";
		};
		56AB63E6138E525372688E83 /* Teams */ = {
			isa = PBXGroup;
			children = (
				6595CAD9532612D3172AE69E /* TeamsView.swift */,
			);
			path = Teams;
			sourceTree = "<group>";
		};
		6412523586E6DB76BC584679 /* Auth */ = {
			isa = PBXGroup;
			children = (
				CB35DDDB827EEA0DE57E6417 /* AuthGateView.swift */,
			);
			path = Auth;
			sourceTree = "<group>";
		};
		7BA51DA8A56FB32D5877CEDB /* Games */ = {
			isa = PBXGroup;
			children = (
				D7FF92B9FC212A90B21CAE0F /* GameDetailView.swift */,
				A455994D6EB01959622ED798 /* GamesListView.swift */,
				78B24026C08DD8050AA63155 /* JoinGameView.swift */,
			);
			path = Games;
			sourceTree = "<group>";
		};
		9344323DDAE5013C06E4F817 /* Missions */ = {
			isa = PBXGroup;
			children = (
				FF29EE86719027707E59CB30 /* CameraCaptureView.swift */,
				58AAE788D509FE55A60F5A17 /* MissionDetailView.swift */,
				95DE91902B2FF80E3349A130 /* MissionsListView.swift */,
			);
			path = Missions;
			sourceTree = "<group>";
		};
		9D10E89CFC619C67D7148258 /* Resources */ = {
			isa = PBXGroup;
			children = (
				4506329C6000E69CDAA97BEA /* Assets.xcassets */,
			);
			path = Resources;
			sourceTree = "<group>";
		};
		BA56860B5C0E92C8E986A5E3 /* Leaderboard */ = {
			isa = PBXGroup;
			children = (
				77B129C6F8DCE01DD9A90C3E /* LeaderboardView.swift */,
			);
			path = Leaderboard;
			sourceTree = "<group>";
		};
		C418B2B9F3AE7A83D70DB53B /* Networking */ = {
			isa = PBXGroup;
			children = (
				1511036F64D4FEAE183B5431 /* APIClient.swift */,
				2FD6FD726B1493B014F6ABB1 /* Models.swift */,
			);
			path = Networking;
			sourceTree = "<group>";
		};
		D193A10665FEFE3F2425093F /* App */ = {
			isa = PBXGroup;
			children = (
				2BBE12FEF6F5B9C94D13F8FC /* AppState.swift */,
				2806ED78A9268DEB55CEF709 /* Info.plist */,
				A658863EA1446B831A1BF9DF /* SnapApp.swift */,
			);
			path = App;
			sourceTree = "<group>";
		};
		E185436592635B1DD59E4225 /* Snap */ = {
			isa = PBXGroup;
			children = (
				D193A10665FEFE3F2425093F /* App */,
				EDF6637B391ED05D4D7DAF66 /* Features */,
				C418B2B9F3AE7A83D70DB53B /* Networking */,
				9D10E89CFC619C67D7148258 /* Resources */,
			);
			path = Snap;
			sourceTree = "<group>";
		};
		EDF6637B391ED05D4D7DAF66 /* Features */ = {
			isa = PBXGroup;
			children = (
				56308B54E47EFF3D7DF28A33 /* MainTabView.swift */,
				1F03650575996D26064AA4FE /* Activity */,
				6412523586E6DB76BC584679 /* Auth */,
				7BA51DA8A56FB32D5877CEDB /* Games */,
				BA56860B5C0E92C8E986A5E3 /* Leaderboard */,
				9344323DDAE5013C06E4F817 /* Missions */,
				56AB63E6138E525372688E83 /* Teams */,
			);
			path = Features;
			sourceTree = "<group>";
		};
/* End PBXGroup section */

/* Begin PBXNativeTarget section */
		C242E9E1176C872683855893 /* Snap */ = {
			isa = PBXNativeTarget;
			buildConfigurationList = 64BE66C045DC003C9BAF073A /* Build configuration list for PBXNativeTarget "Snap" */;
			buildPhases = (
				D5F4D9DA57052BFA792855B0 /* Sources */,
				D6DA2E928948DD78EBC45DC8 /* Resources */,
			);
			buildRules = (
			);
			dependencies = (
			);
			name = Snap;
			packageProductDependencies = (
			);
			productName = Snap;
			productReference = 3BC5BC322A05E4F0343BA8C9 /* Snap.app */;
			productType = "com.apple.product-type.application";
		};
/* End PBXNativeTarget section */

/* Begin PBXProject section */
		48378A11929BBF0B04294F87 /* Project object */ = {
			isa = PBXProject;
			attributes = {
				BuildIndependentTargetsInParallel = YES;
				LastUpgradeCheck = 1430;
				TargetAttributes = {
				};
			};
			buildConfigurationList = E594C201BD05FC224CF387FF /* Build configuration list for PBXProject "Snap" */;
			developmentRegion = en;
			hasScannedForEncodings = 0;
			knownRegions = (
				Base,
				en,
			);
			mainGroup = 321E601EBDBDC27DE73F8A0A;
			minimizedProjectReferenceProxies = 1;
			preferredProjectObjectVersion = 77;
			productRefGroup = 22F4CBFDE4552B74F35AC155 /* Products */;
			projectDirPath = "";
			projectRoot = "";
			targets = (
				C242E9E1176C872683855893 /* Snap */,
			);
		};
/* End PBXProject section */

/* Begin PBXResourcesBuildPhase section */
		D6DA2E928948DD78EBC45DC8 /* Resources */ = {
			isa = PBXResourcesBuildPhase;
			buildActionMask = 2147483647;
			files = (
				C840A4009F19E0EC3590EEB6 /* Assets.xcassets in Resources */,
			);
			runOnlyForDeploymentPostprocessing = 0;
		};
/* End PBXResourcesBuildPhase section */

/* Begin PBXSourcesBuildPhase section */
		D5F4D9DA57052BFA792855B0 /* Sources */ = {
			isa = PBXSourcesBuildPhase;
			buildActionMask = 2147483647;
			files = (
				45EA4ABA09FE6E1E5421EF4D /* APIClient.swift in Sources */,
				EC4662E72FC2FF3529446580 /* ActivityFeedView.swift in Sources */,
				A8D693D51BE1F6A314F349F3 /* AppState.swift in Sources */,
				073DB7EBA053EF512517686E /* AuthGateView.swift in Sources */,
				6CB75008D9D3066245DA2C21 /* CameraCaptureView.swift in Sources */,
				73AF2CAB2F1A458F05F6E40B /* GameDetailView.swift in Sources */,
				41E670B92B877361E8123A05 /* GamesListView.swift in Sources */,
				4F768FA86F12C5A22524C47B /* JoinGameView.swift in Sources */,
				1EC7FA4444834CBEC39855F5 /* LeaderboardView.swift in Sources */,
				4F57C51026A96EFFA9D5CFBB /* MainTabView.swift in Sources */,
				5E20E5EA353D9F9E4CBB9685 /* MissionDetailView.swift in Sources */,
				B7ECCE12B9539D94A4DD5955 /* MissionsListView.swift in Sources */,
				CAEB8236526A1B18C190E728 /* Models.swift in Sources */,
				B67B42615610BE830F8E46B1 /* SnapApp.swift in Sources */,
				A344FD751D29CC05B28629E2 /* TeamsView.swift in Sources */,
			);
			runOnlyForDeploymentPostprocessing = 0;
		};
/* End PBXSourcesBuildPhase section */

/* Begin XCBuildConfiguration section */
		7358700D584CD5647F9BCFAB /* Debug */ = {
			isa = XCBuildConfiguration;
			buildSettings = {
				ALWAYS_SEARCH_USER_PATHS = NO;
				CLANG_ANALYZER_NONNULL = YES;
				CLANG_ANALYZER_NUMBER_OBJECT_CONVERSION = YES_AGGRESSIVE;
				CLANG_CXX_LANGUAGE_STANDARD = "gnu++14";
				CLANG_CXX_LIBRARY = "libc++";
				CLANG_ENABLE_MODULES = YES;
				CLANG_ENABLE_OBJC_ARC = YES;
				CLANG_ENABLE_OBJC_WEAK = YES;
				CLANG_WARN_BLOCK_CAPTURE_AUTORELEASING = YES;
				CLANG_WARN_BOOL_CONVERSION = YES;
				CLANG_WARN_COMMA = YES;
				CLANG_WARN_CONSTANT_CONVERSION = YES;
				CLANG_WARN_DEPRECATED_OBJC_IMPLEMENTATIONS = YES;
				CLANG_WARN_DIRECT_OBJC_ISA_USAGE = YES_ERROR;
				CLANG_WARN_DOCUMENTATION_COMMENTS = YES;
				CLANG_WARN_EMPTY_BODY = YES;
				CLANG_WARN_ENUM_CONVERSION = YES;
				CLANG_WARN_INFINITE_RECURSION = YES;
				CLANG_WARN_INT_CONVERSION = YES;
				CLANG_WARN_NON_LITERAL_NULL_CONVERSION = YES;
				CLANG_WARN_OBJC_IMPLICIT_RETAIN_SELF = YES;
				CLANG_WARN_OBJC_LITERAL_CONVERSION = YES;
				CLANG_WARN_OBJC_ROOT_CLASS = YES_ERROR;
				CLANG_WARN_QUOTED_INCLUDE_IN_FRAMEWORK_HEADER = YES;
				CLANG_WARN_RANGE_LOOP_ANALYSIS = YES;
				CLANG_WARN_STRICT_PROTOTYPES = YES;
				CLANG_WARN_SUSPICIOUS_MOVE = YES;
				CLANG_WARN_UNGUARDED_AVAILABILITY = YES_AGGRESSIVE;
				CLANG_WARN_UNREACHABLE_CODE = YES;
				CLANG_WARN__DUPLICATE_METHOD_MATCH = YES;
				COPY_PHASE_STRIP = NO;
				CURRENT_PROJECT_VERSION = 1;
				DEBUG_INFORMATION_FORMAT = dwarf;
				ENABLE_STRICT_OBJC_MSGSEND = YES;
				ENABLE_TESTABILITY = YES;
				GCC_C_LANGUAGE_STANDARD = gnu11;
				GCC_DYNAMIC_NO_PIC = NO;
				GCC_NO_COMMON_BLOCKS = YES;
				GCC_OPTIMIZATION_LEVEL = 0;
				GCC_PREPROCESSOR_DEFINITIONS = (
					"$(inherited)",
					"DEBUG=1",
				);
				GCC_WARN_64_TO_32_BIT_CONVERSION = YES;
				GCC_WARN_ABOUT_RETURN_TYPE = YES_ERROR;
				GCC_WARN_UNDECLARED_SELECTOR = YES;
				GCC_WARN_UNINITIALIZED_AUTOS = YES_AGGRESSIVE;
				GCC_WARN_UNUSED_FUNCTION = YES;
				GCC_WARN_UNUSED_VARIABLE = YES;
				IPHONEOS_DEPLOYMENT_TARGET = 17.0;
				MARKETING_VERSION = 1.0;
				MTL_ENABLE_DEBUG_INFO = INCLUDE_SOURCE;
				MTL_FAST_MATH = YES;
				ONLY_ACTIVE_ARCH = YES;
				PRODUCT_NAME = "$(TARGET_NAME)";
				SDKROOT = iphoneos;
				SWIFT_ACTIVE_COMPILATION_CONDITIONS = DEBUG;
				SWIFT_OPTIMIZATION_LEVEL = "-Onone";
				SWIFT_VERSION = 5.10;
			};
			name = Debug;
		};
		7B92A5DC6580EAC732DA15F5 /* Release */ = {
			isa = XCBuildConfiguration;
			buildSettings = {
				ASSETCATALOG_COMPILER_APPICON_NAME = AppIcon;
				ASSETCATALOG_COMPILER_GLOBAL_ACCENT_COLOR_NAME = AccentColor;
				CODE_SIGN_IDENTITY = "iPhone Developer";
				ENABLE_USER_SCRIPT_SANDBOXING = NO;
				INFOPLIST_FILE = Snap/App/Info.plist;
				IPHONEOS_DEPLOYMENT_TARGET = 17.0;
				LD_RUNPATH_SEARCH_PATHS = (
					"$(inherited)",
					"@executable_path/Frameworks",
				);
				PRODUCT_BUNDLE_IDENTIFIER = com.evanliewer.snap;
				SDKROOT = iphoneos;
				SUPPORTS_MACCATALYST = NO;
				SWIFT_EMIT_LOC_STRINGS = YES;
				TARGETED_DEVICE_FAMILY = "1,2";
			};
			name = Release;
		};
		B358D3F4A87CBFEE65BC6909 /* Debug */ = {
			isa = XCBuildConfiguration;
			buildSettings = {
				ASSETCATALOG_COMPILER_APPICON_NAME = AppIcon;
				ASSETCATALOG_COMPILER_GLOBAL_ACCENT_COLOR_NAME = AccentColor;
				CODE_SIGN_IDENTITY = "iPhone Developer";
				ENABLE_USER_SCRIPT_SANDBOXING = NO;
				INFOPLIST_FILE = Snap/App/Info.plist;
				IPHONEOS_DEPLOYMENT_TARGET = 17.0;
				LD_RUNPATH_SEARCH_PATHS = (
					"$(inherited)",
					"@executable_path/Frameworks",
				);
				PRODUCT_BUNDLE_IDENTIFIER = com.evanliewer.snap;
				SDKROOT = iphoneos;
				SUPPORTS_MACCATALYST = NO;
				SWIFT_EMIT_LOC_STRINGS = YES;
				TARGETED_DEVICE_FAMILY = "1,2";
			};
			name = Debug;
		};
		FE14E5939936BA3AC6AA5897 /* Release */ = {
			isa = XCBuildConfiguration;
			buildSettings = {
				ALWAYS_SEARCH_USER_PATHS = NO;
				CLANG_ANALYZER_NONNULL = YES;
				CLANG_ANALYZER_NUMBER_OBJECT_CONVERSION = YES_AGGRESSIVE;
				CLANG_CXX_LANGUAGE_STANDARD = "gnu++14";
				CLANG_CXX_LIBRARY = "libc++";
				CLANG_ENABLE_MODULES = YES;
				CLANG_ENABLE_OBJC_ARC = YES;
				CLANG_ENABLE_OBJC_WEAK = YES;
				CLANG_WARN_BLOCK_CAPTURE_AUTORELEASING = YES;
				CLANG_WARN_BOOL_CONVERSION = YES;
				CLANG_WARN_COMMA = YES;
				CLANG_WARN_CONSTANT_CONVERSION = YES;
				CLANG_WARN_DEPRECATED_OBJC_IMPLEMENTATIONS = YES;
				CLANG_WARN_DIRECT_OBJC_ISA_USAGE = YES_ERROR;
				CLANG_WARN_DOCUMENTATION_COMMENTS = YES;
				CLANG_WARN_EMPTY_BODY = YES;
				CLANG_WARN_ENUM_CONVERSION = YES;
				CLANG_WARN_INFINITE_RECURSION = YES;
				CLANG_WARN_INT_CONVERSION = YES;
				CLANG_WARN_NON_LITERAL_NULL_CONVERSION = YES;
				CLANG_WARN_OBJC_IMPLICIT_RETAIN_SELF = YES;
				CLANG_WARN_OBJC_LITERAL_CONVERSION = YES;
				CLANG_WARN_OBJC_ROOT_CLASS = YES_ERROR;
				CLANG_WARN_QUOTED_INCLUDE_IN_FRAMEWORK_HEADER = YES;
				CLANG_WARN_RANGE_LOOP_ANALYSIS = YES;
				CLANG_WARN_STRICT_PROTOTYPES = YES;
				CLANG_WARN_SUSPICIOUS_MOVE = YES;
				CLANG_WARN_UNGUARDED_AVAILABILITY = YES_AGGRESSIVE;
				CLANG_WARN_UNREACHABLE_CODE = YES;
				CLANG_WARN__DUPLICATE_METHOD_MATCH = YES;
				COPY_PHASE_STRIP = NO;
				CURRENT_PROJECT_VERSION = 1;
				DEBUG_INFORMATION_FORMAT = "dwarf-with-dsym";
				ENABLE_NS_ASSERTIONS = NO;
				ENABLE_STRICT_OBJC_MSGSEND = YES;
				GCC_C_LANGUAGE_STANDARD = gnu11;
				GCC_NO_COMMON_BLOCKS = YES;
				GCC_WARN_64_TO_32_BIT_CONVERSION = YES;
				GCC_WARN_ABOUT_RETURN_TYPE = YES_ERROR;
				GCC_WARN_UNDECLARED_SELECTOR = YES;
				GCC_WARN_UNINITIALIZED_AUTOS = YES_AGGRESSIVE;
				GCC_WARN_UNUSED_FUNCTION = YES;
				GCC_WARN_UNUSED_VARIABLE = YES;
				IPHONEOS_DEPLOYMENT_TARGET = 17.0;
				MARKETING_VERSION = 1.0;
				MTL_ENABLE_DEBUG_INFO = NO;
				MTL_FAST_MATH = YES;
				PRODUCT_NAME = "$(TARGET_NAME)";
				SDKROOT = iphoneos;
				SWIFT_COMPILATION_MODE = wholemodule;
				SWIFT_OPTIMIZATION_LEVEL = "-O";
				SWIFT_VERSION = 5.10;
			};
			name = Release;
		};
/* End XCBuildConfiguration section */

/* Begin XCConfigurationList section */
		64BE66C045DC003C9BAF073A /* Build configuration list for PBXNativeTarget "Snap" */ = {
			isa = XCConfigurationList;
			buildConfigurations = (
				B358D3F4A87CBFEE65BC6909 /* Debug */,
				7B92A5DC6580EAC732DA15F5 /* Release */,
			);
			defaultConfigurationIsVisible = 0;
			defaultConfigurationName = Debug;
		};
		E594C201BD05FC224CF387FF /* Build configuration list for PBXProject "Snap" */ = {
			isa = XCConfigurationList;
			buildConfigurations = (
				7358700D584CD5647F9BCFAB /* Debug */,
				FE14E5939936BA3AC6AA5897 /* Release */,
			);
			defaultConfigurationIsVisible = 0;
			defaultConfigurationName = Debug;
		};
/* End XCConfigurationList section */
	};
	rootObject = 48378A11929BBF0B04294F87 /* Project object */;
}
